
Microsoft Visual Studio Solution File, Format Version 12.00
# Visual Studio Version 16
VisualStudioVersion = 16.0.32106.194
MinimumVisualStudioVersion = 10.0.40219.1
Project("{9A19103F-16F7-4668-BE54-9A1E7A4F7556}") = "JuanMVC", "JuanMVC\JuanMVC.csproj", "{4F6B8450-ED66-41FF-8359-D3E27CDC0063}"
EndProject
Project("{9A19103F-16F7-4668-BE54-9A1E7A4F7556}") = "DomainModels", "DomainModels\DomainModels.csproj", "{9120A17B-0D67-440B-A570-F570517EDB77}"
EndProject
Project("{9A19103F-16F7-4668-BE54-9A1E7A4F7556}") = "Repository", "Repository\Repository.csproj", "{68D902C5-CB19-416C-8E9A-949A2E01BB78}"
EndProject
Project("{9A19103F-16F7-4668-BE54-9A1E7A4F7556}") = "Service", "Service\Service.csproj", "{2C9BFE0B-9A50-44D0-A4DD-FB33BEA3CFDA}"
EndProject
Global
	GlobalSection(SolutionConfigurationPlatforms) = preSolution
		Debug|Any CPU = Debug|Any CPU
		Release|Any CPU = Release|Any CPU
	EndGlobalSection
	GlobalSection(ProjectConfigurationPlatforms) = postSolution
		{4F6B8450-ED66-41FF-8359-D3E27CDC0063}.Debug|Any CPU.ActiveCfg = Debug|Any CPU
		{4F6B8450-ED66-41FF-8359-D3E27CDC0063}.Debug|Any CPU.Build.0 = Debug|Any CPU
		{4F6B8450-ED66-41FF-8359-D3E27CDC0063}.Release|Any CPU.ActiveCfg = Release|Any CPU
		{4F6B8450-ED66-41FF-8359-D3E27CDC0063}.Release|Any CPU.Build.0 = Release|Any CPU
		{9120A17B-0D67-440B-A570-F570517EDB77}.Debug|Any CPU.ActiveCfg = Debug|Any CPU
		{9120A17B-0D67-440B-A570-F570517EDB77}.Debug|Any CPU.Build.0 = Debug|Any CPU
		{9120A17B-0D67-440B-A570-F570517EDB77}.Release|Any CPU.ActiveCfg = Release|Any CPU
		{9120A17B-0D67-440B-A570-F570517EDB77}.Release|Any CPU.Build.0 = Release|Any CPU
		{68D902C5-CB19-416C-8E9A-949A2E01BB78}.Debug|Any CPU.ActiveCfg = Debug|Any CPU
		{68D902C5-CB19-416C-8E9A-949A2E01BB78}.Debug|Any CPU.Build.0 = Debug|Any CPU
		{68D902C5-CB19-416C-8E9A-949A2E01BB78}.Release|Any CPU.ActiveCfg = Release|Any CPU
		{68D902C5-CB19-416C-8E9A-949A2E01BB78}.Release|Any CPU.Build.0 = Release|Any CPU
		{2C9BFE0B-9A50-44D0-A4DD-FB33BEA3CFDA}.Debug|Any CPU.ActiveCfg = Debug|Any CPU
		{2C9BFE0B-9A50-44D0-A4DD-FB33BEA3CFDA}.Debug|Any CPU.Build.0 = Debug|Any CPU
		{2C9BFE0B-9A50-44D0-A4DD-FB33BEA3CFDA}.Release|Any CPU.ActiveCfg = Release|Any CPU
		{2C9BFE0B-9A50-44D0-A4DD-FB33BEA3CFDA}.Release|Any CPU.Build.0 = Release|Any CPU
	EndGlobalSection
	GlobalSection(SolutionProperties) = preSolution
		HideSolutionNode = FALSE
	EndGlobalSection
	GlobalSection(ExtensibilityGlobals) = postSolution
		SolutionGuid = {2B3AF7FA-E158-4B06-906C-91EB65BFBC8B}
	EndGlobalSection
EndGlobal
